
Microsoft Visual Studio Solution File, Format Version 12.00
# Visual Studio 15
VisualStudioVersion = 15.0.27703.2026
MinimumVisualStudioVersion = 10.0.40219.1
Project("{8BC9CEB8-8B4A-11D0-8D11-00A0C91BC942}") = "MFCApplication1", "MFCApplication1\MFCApplication1.vcxproj", "{FC0CC919-79B2-4530-B206-FCC857D363CD}"
EndProject
Global
	GlobalSection(SolutionConfigurationPlatforms) = preSolution
		Debug|x64 = Debug|x64
		Debug|x86 = Debug|x86
		Release|x64 = Release|x64
		Release|x86 = Release|x86
	EndGlobalSection
	GlobalSection(ProjectConfigurationPlatforms) = postSolution
		{FC0CC919-79B2-4530-B206-FCC857D363CD}.Debug|x64.ActiveCfg = Debug|x64
		{FC0CC919-79B2-4530-B206-FCC857D363CD}.Debug|x64.Build.0 = Debug|x64
		{FC0CC919-79B2-4530-B206-FCC857D363CD}.Debug|x86.ActiveCfg = Debug|Win32
		{FC0CC919-79B2-4530-B206-FCC857D363CD}.Debug|x86.Build.0 = Debug|Win32
		{FC0CC919-79B2-4530-B206-FCC857D363CD}.Release|x64.ActiveCfg = Release|x64
		{FC0CC919-79B2-4530-B206-FCC857D363CD}.Release|x64.Build.0 = Release|x64
		{FC0CC919-79B2-4530-B206-FCC857D363CD}.Release|x86.ActiveCfg = Release|Win32
		{FC0CC919-79B2-4530-B206-FCC857D363CD}.Release|x86.Build.0 = Release|Win32
	EndGlobalSection
	GlobalSection(SolutionProperties) = preSolution
		HideSolutionNode = FALSE
	EndGlobalSection
	GlobalSection(ExtensibilityGlobals) = postSolution
		SolutionGuid = {15611E10-CB5D-47B6-AA2B-DFCA0EEFFCCE}
	EndGlobalSection
EndGlobal
